
Microsoft Visual Studio Solution File, Format Version 11.00
# Visual Studio 2010
Project("{8BC9CEB8-8B4A-11D0-8D11-00A0C91BC942}") = "MultiWii_2_3_pocket", "MultiWii_2_3_pocket\MultiWii_2_3_pocket.vcxproj", "{332EE4C9-DFEC-4EAF-9789-AC84FC0455C9}"
EndProject
Project("{FAE04EC0-301F-11D3-BF4B-00C04F79EFBC}") = "PocketQuadRC", "..\PocketQuadRC\PocketQuadRC.csproj", "{548C604C-8DD7-414E-8163-B10E89A46B70}"
EndProject
Global
	GlobalSection(SolutionConfigurationPlatforms) = preSolution
		Debug|Mixed Platforms = Debug|Mixed Platforms
		Debug|Win32 = Debug|Win32
		Debug|x86 = Debug|x86
		Release|Mixed Platforms = Release|Mixed Platforms
		Release|Win32 = Release|Win32
		Release|x86 = Release|x86
	EndGlobalSection
	GlobalSection(ProjectConfigurationPlatforms) = postSolution
		{332EE4C9-DFEC-4EAF-9789-AC84FC0455C9}.Debug|Mixed Platforms.ActiveCfg = Debug|Win32
		{332EE4C9-DFEC-4EAF-9789-AC84FC0455C9}.Debug|Mixed Platforms.Build.0 = Debug|Win32
		{332EE4C9-DFEC-4EAF-9789-AC84FC0455C9}.Debug|Win32.ActiveCfg = Debug|Win32
		{332EE4C9-DFEC-4EAF-9789-AC84FC0455C9}.Debug|Win32.Build.0 = Debug|Win32
		{332EE4C9-DFEC-4EAF-9789-AC84FC0455C9}.Debug|x86.ActiveCfg = Debug|Win32
		{332EE4C9-DFEC-4EAF-9789-AC84FC0455C9}.Release|Mixed Platforms.ActiveCfg = Release|Win32
		{332EE4C9-DFEC-4EAF-9789-AC84FC0455C9}.Release|Mixed Platforms.Build.0 = Release|Win32
		{332EE4C9-DFEC-4EAF-9789-AC84FC0455C9}.Release|Win32.ActiveCfg = Release|Win32
		{332EE4C9-DFEC-4EAF-9789-AC84FC0455C9}.Release|Win32.Build.0 = Release|Win32
		{332EE4C9-DFEC-4EAF-9789-AC84FC0455C9}.Release|x86.ActiveCfg = Release|Win32
		{548C604C-8DD7-414E-8163-B10E89A46B70}.Debug|Mixed Platforms.ActiveCfg = Debug|x86
		{548C604C-8DD7-414E-8163-B10E89A46B70}.Debug|Mixed Platforms.Build.0 = Debug|x86
		{548C604C-8DD7-414E-8163-B10E89A46B70}.Debug|Win32.ActiveCfg = Debug|x86
		{548C604C-8DD7-414E-8163-B10E89A46B70}.Debug|x86.ActiveCfg = Debug|x86
		{548C604C-8DD7-414E-8163-B10E89A46B70}.Debug|x86.Build.0 = Debug|x86
		{548C604C-8DD7-414E-8163-B10E89A46B70}.Release|Mixed Platforms.ActiveCfg = Release|x86
		{548C604C-8DD7-414E-8163-B10E89A46B70}.Release|Mixed Platforms.Build.0 = Release|x86
		{548C604C-8DD7-414E-8163-B10E89A46B70}.Release|Win32.ActiveCfg = Release|x86
		{548C604C-8DD7-414E-8163-B10E89A46B70}.Release|x86.ActiveCfg = Release|x86
		{548C604C-8DD7-414E-8163-B10E89A46B70}.Release|x86.Build.0 = Release|x86
	EndGlobalSection
	GlobalSection(SolutionProperties) = preSolution
		HideSolutionNode = FALSE
	EndGlobalSection
EndGlobal
